// !$*UTF8*$!
{
	archiveVersion = 1;
	classes = {
	};
	objectVersion = 56;
	objects = {

/* Begin PBXBuildFile section */
		5AA523332C43F79A007736D0 /* AppetizersApp.swift in Sources */ = {isa = PBXBuildFile; fileRef = 5AA523322C43F79A007736D0 /* AppetizersApp.swift */; };
		5AA523352C43F79A007736D0 /* AppetizerTabView.swift in Sources */ = {isa = PBXBuildFile; fileRef = 5AA523342C43F79A007736D0 /* AppetizerTabView.swift */; };
		5AA523372C43F79B007736D0 /* Assets.xcassets in Resources */ = {isa = PBXBuildFile; fileRef = 5AA523362C43F79B007736D0 /* Assets.xcassets */; };
		5AA5233A2C43F79B007736D0 /* Preview Assets.xcassets in Resources */ = {isa = PBXBuildFile; fileRef = 5AA523392C43F79B007736D0 /* Preview Assets.xcassets */; };
		5AA523442C43F79B007736D0 /* AppetizersTests.swift in Sources */ = {isa = PBXBuildFile; fileRef = 5AA523432C43F79B007736D0 /* AppetizersTests.swift */; };
		5AA5234E2C43F79B007736D0 /* AppetizersUITests.swift in Sources */ = {isa = PBXBuildFile; fileRef = 5AA5234D2C43F79B007736D0 /* AppetizersUITests.swift */; };
		5AA523502C43F79B007736D0 /* AppetizersUITestsLaunchTests.swift in Sources */ = {isa = PBXBuildFile; fileRef = 5AA5234F2C43F79B007736D0 /* AppetizersUITestsLaunchTests.swift */; };
		5AA5235D2C43F837007736D0 /* AppetizersListView.swift in Sources */ = {isa = PBXBuildFile; fileRef = 5AA5235C2C43F837007736D0 /* AppetizersListView.swift */; };
		5AA523602C43F857007736D0 /* AccountView.swift in Sources */ = {isa = PBXBuildFile; fileRef = 5AA5235F2C43F857007736D0 /* AccountView.swift */; };
		5AA523622C43F878007736D0 /* OrderView.swift in Sources */ = {isa = PBXBuildFile; fileRef = 5AA523612C43F878007736D0 /* OrderView.swift */; };
		5AA523642C43FFB0007736D0 /* Appetizer.swift in Sources */ = {isa = PBXBuildFile; fileRef = 5AA523632C43FFB0007736D0 /* Appetizer.swift */; };
		5AC7400A2C440E9F00AC6173 /* AppetizerListCell.swift in Sources */ = {isa = PBXBuildFile; fileRef = 5AC740092C440E9F00AC6173 /* AppetizerListCell.swift */; };
		5AC7400C2C44106400AC6173 /* NetworkManager.swift in Sources */ = {isa = PBXBuildFile; fileRef = 5AC7400B2C44106400AC6173 /* NetworkManager.swift */; };
		5AC7400E2C44124E00AC6173 /* APError.swift in Sources */ = {isa = PBXBuildFile; fileRef = 5AC7400D2C44124E00AC6173 /* APError.swift */; };
/* End PBXBuildFile section */

/* Begin PBXContainerItemProxy section */
		5AA523402C43F79B007736D0 /* PBXContainerItemProxy */ = {
			isa = PBXContainerItemProxy;
			containerPortal = 5AA523272C43F79A007736D0 /* Project object */;
			proxyType = 1;
			remoteGlobalIDString = 5AA5232E2C43F79A007736D0;
			remoteInfo = Appetizers;
		};
		5AA5234A2C43F79B007736D0 /* PBXContainerItemProxy */ = {
			isa = PBXContainerItemProxy;
			containerPortal = 5AA523272C43F79A007736D0 /* Project object */;
			proxyType = 1;
			remoteGlobalIDString = 5AA5232E2C43F79A007736D0;
			remoteInfo = Appetizers;
		};
/* End PBXContainerItemProxy section */

/* Begin PBXFileReference section */
		5AA5232F2C43F79A007736D0 /* Appetizers.app */ = {isa = PBXFileReference; explicitFileType = wrapper.application; includeInIndex = 0; path = Appetizers.app; sourceTree = BUILT_PRODUCTS_DIR; };
		5AA523322C43F79A007736D0 /* AppetizersApp.swift */ = {isa = PBXFileReference; lastKnownFileType = sourcecode.swift; path = AppetizersApp.swift; sourceTree = "<group>"; };
		5AA523342C43F79A007736D0 /* AppetizerTabView.swift */ = {isa = PBXFileReference; lastKnownFileType = sourcecode.swift; path = AppetizerTabView.swift; sourceTree = "<group>"; };
		5AA523362C43F79B007736D0 /* Assets.xcassets */ = {isa = PBXFileReference; lastKnownFileType = folder.assetcatalog; path = Assets.xcassets; sourceTree = "<group>"; };
		5AA523392C43F79B007736D0 /* Preview Assets.xcassets */ = {isa = PBXFileReference; lastKnownFileType = folder.assetcatalog; path = "Preview Assets.xcassets"; sourceTree = "<group>"; };
		5AA5233F2C43F79B007736D0 /* AppetizersTests.xctest */ = {isa = PBXFileReference; explicitFileType = wrapper.cfbundle; includeInIndex = 0; path = AppetizersTests.xctest; sourceTree = BUILT_PRODUCTS_DIR; };
		5AA523432C43F79B007736D0 /* AppetizersTests.swift */ = {isa = PBXFileReference; lastKnownFileType = sourcecode.swift; path = AppetizersTests.swift; sourceTree = "<group>"; };
		5AA523492C43F79B007736D0 /* AppetizersUITests.xctest */ = {isa = PBXFileReference; explicitFileType = wrapper.cfbundle; includeInIndex = 0; path = AppetizersUITests.xctest; sourceTree = BUILT_PRODUCTS_DIR; };
		5AA5234D2C43F79B007736D0 /* AppetizersUITests.swift */ = {isa = PBXFileReference; lastKnownFileType = sourcecode.swift; path = AppetizersUITests.swift; sourceTree = "<group>"; };
		5AA5234F2C43F79B007736D0 /* AppetizersUITestsLaunchTests.swift */ = {isa = PBXFileReference; lastKnownFileType = sourcecode.swift; path = AppetizersUITestsLaunchTests.swift; sourceTree = "<group>"; };
		5AA5235C2C43F837007736D0 /* AppetizersListView.swift */ = {isa = PBXFileReference; lastKnownFileType = sourcecode.swift; path = AppetizersListView.swift; sourceTree = "<group>"; };
		5AA5235F2C43F857007736D0 /* AccountView.swift */ = {isa = PBXFileReference; lastKnownFileType = sourcecode.swift; path = AccountView.swift; sourceTree = "<group>"; };
		5AA523612C43F878007736D0 /* OrderView.swift */ = {isa = PBXFileReference; lastKnownFileType = sourcecode.swift; path = OrderView.swift; sourceTree = "<group>"; };
		5AA523632C43FFB0007736D0 /* Appetizer.swift */ = {isa = PBXFileReference; lastKnownFileType = sourcecode.swift; path = Appetizer.swift; sourceTree = "<group>"; };
		5AC740092C440E9F00AC6173 /* AppetizerListCell.swift */ = {isa = PBXFileReference; lastKnownFileType = sourcecode.swift; path = AppetizerListCell.swift; sourceTree = "<group>"; };
		5AC7400B2C44106400AC6173 /* NetworkManager.swift */ = {isa = PBXFileReference; lastKnownFileType = sourcecode.swift; path = NetworkManager.swift; sourceTree = "<group>"; };
		5AC7400D2C44124E00AC6173 /* APError.swift */ = {isa = PBXFileReference; lastKnownFileType = sourcecode.swift; path = APError.swift; sourceTree = "<group>"; };
/* End PBXFileReference section */

/* Begin PBXFrameworksBuildPhase section */
		5AA5232C2C43F79A007736D0 /* Frameworks */ = {
			isa = PBXFrameworksBuildPhase;
			buildActionMask = 2147483647;
			files = (
			);
			runOnlyForDeploymentPostprocessing = 0;
		};
		5AA5233C2C43F79B007736D0 /* Frameworks */ = {
			isa = PBXFrameworksBuildPhase;
			buildActionMask = 2147483647;
			files = (
			);
			runOnlyForDeploymentPostprocessing = 0;
		};
		5AA523462C43F79B007736D0 /* Frameworks */ = {
			isa = PBXFrameworksBuildPhase;
			buildActionMask = 2147483647;
			files = (
			);
			runOnlyForDeploymentPostprocessing = 0;
		};
/* End PBXFrameworksBuildPhase section */

/* Begin PBXGroup section */
		5AA523262C43F79A007736D0 = {
			isa = PBXGroup;
			children = (
				5AA523312C43F79A007736D0 /* Appetizers */,
				5AA523422C43F79B007736D0 /* AppetizersTests */,
				5AA5234C2C43F79B007736D0 /* AppetizersUITests */,
				5AA523302C43F79A007736D0 /* Products */,
			);
			sourceTree = "<group>";
		};
		5AA523302C43F79A007736D0 /* Products */ = {
			isa = PBXGroup;
			children = (
				5AA5232F2C43F79A007736D0 /* Appetizers.app */,
				5AA5233F2C43F79B007736D0 /* AppetizersTests.xctest */,
				5AA523492C43F79B007736D0 /* AppetizersUITests.xctest */,
			);
			name = Products;
			sourceTree = "<group>";
		};
		5AA523312C43F79A007736D0 /* Appetizers */ = {
			isa = PBXGroup;
			children = (
				5AA523322C43F79A007736D0 /* AppetizersApp.swift */,
				5AA523342C43F79A007736D0 /* AppetizerTabView.swift */,
				5AA5235C2C43F837007736D0 /* AppetizersListView.swift */,
				5AA5235F2C43F857007736D0 /* AccountView.swift */,
				5AA523612C43F878007736D0 /* OrderView.swift */,
				5AA523632C43FFB0007736D0 /* Appetizer.swift */,
				5AC740092C440E9F00AC6173 /* AppetizerListCell.swift */,
				5AC7400B2C44106400AC6173 /* NetworkManager.swift */,
				5AC7400D2C44124E00AC6173 /* APError.swift */,
				5AA523362C43F79B007736D0 /* Assets.xcassets */,
				5AA523382C43F79B007736D0 /* Preview Content */,
			);
			path = Appetizers;
			sourceTree = "<group>";
		};
		5AA523382C43F79B007736D0 /* Preview Content */ = {
			isa = PBXGroup;
			children = (
				5AA523392C43F79B007736D0 /* Preview Assets.xcassets */,
			);
			path = "Preview Content";
			sourceTree = "<group>";
		};
		5AA523422C43F79B007736D0 /* AppetizersTests */ = {
			isa = PBXGroup;
			children = (
				5AA523432C43F79B007736D0 /* AppetizersTests.swift */,
			);
			path = AppetizersTests;
			sourceTree = "<group>";
		};
		5AA5234C2C43F79B007736D0 /* AppetizersUITests */ = {
			isa = PBXGroup;
			children = (
				5AA5234D2C43F79B007736D0 /* AppetizersUITests.swift */,
				5AA5234F2C43F79B007736D0 /* AppetizersUITestsLaunchTests.swift */,
			);
			path = AppetizersUITests;
			sourceTree = "<group>";
		};
/* End PBXGroup section */

/* Begin PBXNativeTarget section */
		5AA5232E2C43F79A007736D0 /* Appetizers */ = {
			isa = PBXNativeTarget;
			buildConfigurationList = 5AA523532C43F79B007736D0 /* Build configuration list for PBXNativeTarget "Appetizers" */;
			buildPhases = (
				5AA5232B2C43F79A007736D0 /* Sources */,
				5AA5232C2C43F79A007736D0 /* Frameworks */,
				5AA5232D2C43F79A007736D0 /* Resources */,
			);
			buildRules = (
			);
			dependencies = (
			);
			name = Appetizers;
			productName = Appetizers;
			productReference = 5AA5232F2C43F79A007736D0 /* Appetizers.app */;
			productType = "com.apple.product-type.application";
		};
		5AA5233E2C43F79B007736D0 /* AppetizersTests */ = {
			isa = PBXNativeTarget;
			buildConfigurationList = 5AA523562C43F79B007736D0 /* Build configuration list for PBXNativeTarget "AppetizersTests" */;
			buildPhases = (
				5AA5233B2C43F79B007736D0 /* Sources */,
				5AA5233C2C43F79B007736D0 /* Frameworks */,
				5AA5233D2C43F79B007736D0 /* Resources */,
			);
			buildRules = (
			);
			dependencies = (
				5AA523412C43F79B007736D0 /* PBXTargetDependency */,
			);
			name = AppetizersTests;
			productName = AppetizersTests;
			productReference = 5AA5233F2C43F79B007736D0 /* AppetizersTests.xctest */;
			productType = "com.apple.product-type.bundle.unit-test";
		};
		5AA523482C43F79B007736D0 /* AppetizersUITests */ = {
			isa = PBXNativeTarget;
			buildConfigurationList = 5AA523592C43F79B007736D0 /* Build configuration list for PBXNativeTarget "AppetizersUITests" */;
			buildPhases = (
				5AA523452C43F79B007736D0 /* Sources */,
				5AA523462C43F79B007736D0 /* Frameworks */,
				5AA523472C43F79B007736D0 /* Resources */,
			);
			buildRules = (
			);
			dependencies = (
				5AA5234B2C43F79B007736D0 /* PBXTargetDependency */,
			);
			name = AppetizersUITests;
			productName = AppetizersUITests;
			productReference = 5AA523492C43F79B007736D0 /* AppetizersUITests.xctest */;
			productType = "com.apple.product-type.bundle.ui-testing";
		};
/* End PBXNativeTarget section */

/* Begin PBXProject section */
		5AA523272C43F79A007736D0 /* Project object */ = {
			isa = PBXProject;
			attributes = {
				BuildIndependentTargetsInParallel = 1;
				LastSwiftUpdateCheck = 1530;
				LastUpgradeCheck = 1530;
				TargetAttributes = {
					5AA5232E2C43F79A007736D0 = {
						CreatedOnToolsVersion = 15.3;
					};
					5AA5233E2C43F79B007736D0 = {
						CreatedOnToolsVersion = 15.3;
						TestTargetID = 5AA5232E2C43F79A007736D0;
					};
					5AA523482C43F79B007736D0 = {
						CreatedOnToolsVersion = 15.3;
						TestTargetID = 5AA5232E2C43F79A007736D0;
					};
				};
			};
			buildConfigurationList = 5AA5232A2C43F79A007736D0 /* Build configuration list for PBXProject "Appetizers" */;
			compatibilityVersion = "Xcode 14.0";
			developmentRegion = en;
			hasScannedForEncodings = 0;
			knownRegions = (
				en,
				Base,
			);
			mainGroup = 5AA523262C43F79A007736D0;
			productRefGroup = 5AA523302C43F79A007736D0 /* Products */;
			projectDirPath = "";
			projectRoot = "";
			targets = (
				5AA5232E2C43F79A007736D0 /* Appetizers */,
				5AA5233E2C43F79B007736D0 /* AppetizersTests */,
				5AA523482C43F79B007736D0 /* AppetizersUITests */,
			);
		};
/* End PBXProject section */

/* Begin PBXResourcesBuildPhase section */
		5AA5232D2C43F79A007736D0 /* Resources */ = {
			isa = PBXResourcesBuildPhase;
			buildActionMask = 2147483647;
			files = (
				5AA5233A2C43F79B007736D0 /* Preview Assets.xcassets in Resources */,
				5AA523372C43F79B007736D0 /* Assets.xcassets in Resources */,
			);
			runOnlyForDeploymentPostprocessing = 0;
		};
		5AA5233D2C43F79B007736D0 /* Resources */ = {
			isa = PBXResourcesBuildPhase;
			buildActionMask = 2147483647;
			files = (
			);
			runOnlyForDeploymentPostprocessing = 0;
		};
		5AA523472C43F79B007736D0 /* Resources */ = {
			isa = PBXResourcesBuildPhase;
			buildActionMask = 2147483647;
			files = (
			);
			runOnlyForDeploymentPostprocessing = 0;
		};
/* End PBXResourcesBuildPhase section */

/* Begin PBXSourcesBuildPhase section */
		5AA5232B2C43F79A007736D0 /* Sources */ = {
			isa = PBXSourcesBuildPhase;
			buildActionMask = 2147483647;
			files = (
				5AA523642C43FFB0007736D0 /* Appetizer.swift in Sources */,
				5AC7400E2C44124E00AC6173 /* APError.swift in Sources */,
				5AC7400A2C440E9F00AC6173 /* AppetizerListCell.swift in Sources */,
				5AA523602C43F857007736D0 /* AccountView.swift in Sources */,
				5AA523352C43F79A007736D0 /* AppetizerTabView.swift in Sources */,
				5AC7400C2C44106400AC6173 /* NetworkManager.swift in Sources */,
				5AA523332C43F79A007736D0 /* AppetizersApp.swift in Sources */,
				5AA5235D2C43F837007736D0 /* AppetizersListView.swift in Sources */,
				5AA523622C43F878007736D0 /* OrderView.swift in Sources */,
			);
			runOnlyForDeploymentPostprocessing = 0;
		};
		5AA5233B2C43F79B007736D0 /* Sources */ = {
			isa = PBXSourcesBuildPhase;
			buildActionMask = 2147483647;
			files = (
				5AA523442C43F79B007736D0 /* AppetizersTests.swift in Sources */,
			);
			runOnlyForDeploymentPostprocessing = 0;
		};
		5AA523452C43F79B007736D0 /* Sources */ = {
			isa = PBXSourcesBuildPhase;
			buildActionMask = 2147483647;
			files = (
				5AA5234E2C43F79B007736D0 /* AppetizersUITests.swift in Sources */,
				5AA523502C43F79B007736D0 /* AppetizersUITestsLaunchTests.swift in Sources */,
			);
			runOnlyForDeploymentPostprocessing = 0;
		};
/* End PBXSourcesBuildPhase section */

/* Begin PBXTargetDependency section */
		5AA523412C43F79B007736D0 /* PBXTargetDependency */ = {
			isa = PBXTargetDependency;
			target = 5AA5232E2C43F79A007736D0 /* Appetizers */;
			targetProxy = 5AA523402C43F79B007736D0 /* PBXContainerItemProxy */;
		};
		5AA5234B2C43F79B007736D0 /* PBXTargetDependency */ = {
			isa = PBXTargetDependency;
			target = 5AA5232E2C43F79A007736D0 /* Appetizers */;
			targetProxy = 5AA5234A2C43F79B007736D0 /* PBXContainerItemProxy */;
		};
/* End PBXTargetDependency section */

/* Begin XCBuildConfiguration section */
		5AA523512C43F79B007736D0 /* Debug */ = {
			isa = XCBuildConfiguration;
			buildSettings = {
				ALWAYS_SEARCH_USER_PATHS = NO;
				ASSETCATALOG_COMPILER_GENERATE_SWIFT_ASSET_SYMBOL_EXTENSIONS = YES;
				CLANG_ANALYZER_NONNULL = YES;
				CLANG_ANALYZER_NUMBER_OBJECT_CONVERSION = YES_AGGRESSIVE;
				CLANG_CXX_LANGUAGE_STANDARD = "gnu++20";
				CLANG_ENABLE_MODULES = YES;
				CLANG_ENABLE_OBJC_ARC = YES;
				CLANG_ENABLE_OBJC_WEAK = YES;
				CLANG_WARN_BLOCK_CAPTURE_AUTORELEASING = YES;
				CLANG_WARN_BOOL_CONVERSION = YES;
				CLANG_WARN_COMMA = YES;
				CLANG_WARN_CONSTANT_CONVERSION = YES;
				CLANG_WARN_DEPRECATED_OBJC_IMPLEMENTATIONS = YES;
				CLANG_WARN_DIRECT_OBJC_ISA_USAGE = YES_ERROR;
				CLANG_WARN_DOCUMENTATION_COMMENTS = YES;
				CLANG_WARN_EMPTY_BODY = YES;
				CLANG_WARN_ENUM_CONVERSION = YES;
				CLANG_WARN_INFINITE_RECURSION = YES;
				CLANG_WARN_INT_CONVERSION = YES;
				CLANG_WARN_NON_LITERAL_NULL_CONVERSION = YES;
				CLANG_WARN_OBJC_IMPLICIT_RETAIN_SELF = YES;
				CLANG_WARN_OBJC_LITERAL_CONVERSION = YES;
				CLANG_WARN_OBJC_ROOT_CLASS = YES_ERROR;
				CLANG_WARN_QUOTED_INCLUDE_IN_FRAMEWORK_HEADER = YES;
				CLANG_WARN_RANGE_LOOP_ANALYSIS = YES;
				CLANG_WARN_STRICT_PROTOTYPES = YES;
				CLANG_WARN_SUSPICIOUS_MOVE = YES;
				CLANG_WARN_UNGUARDED_AVAILABILITY = YES_AGGRESSIVE;
				CLANG_WARN_UNREACHABLE_CODE = YES;
				CLANG_WARN__DUPLICATE_METHOD_MATCH = YES;
				COPY_PHASE_STRIP = NO;
				DEBUG_INFORMATION_FORMAT = dwarf;
				ENABLE_STRICT_OBJC_MSGSEND = YES;
				ENABLE_TESTABILITY = YES;
				ENABLE_USER_SCRIPT_SANDBOXING = YES;
				GCC_C_LANGUAGE_STANDARD = gnu17;
				GCC_DYNAMIC_NO_PIC = NO;
				GCC_NO_COMMON_BLOCKS = YES;
				GCC_OPTIMIZATION_LEVEL = 0;
				GCC_PREPROCESSOR_DEFINITIONS = (
					"DEBUG=1",
					"$(inherited)",
				);
				GCC_WARN_64_TO_32_BIT_CONVERSION = YES;
				GCC_WARN_ABOUT_RETURN_TYPE = YES_ERROR;
				GCC_WARN_UNDECLARED_SELECTOR = YES;
				GCC_WARN_UNINITIALIZED_AUTOS = YES_AGGRESSIVE;
				GCC_WARN_UNUSED_FUNCTION = YES;
				GCC_WARN_UNUSED_VARIABLE = YES;
				IPHONEOS_DEPLOYMENT_TARGET = 17.4;
				LOCALIZATION_PREFERS_STRING_CATALOGS = YES;
				MTL_ENABLE_DEBUG_INFO = INCLUDE_SOURCE;
				MTL_FAST_MATH = YES;
				ONLY_ACTIVE_ARCH = YES;
				SDKROOT = iphoneos;
				SWIFT_ACTIVE_COMPILATION_CONDITIONS = "DEBUG $(inherited)";
				SWIFT_OPTIMIZATION_LEVEL = "-Onone";
			};
			name = Debug;
		};
		5AA523522C43F79B007736D0 /* Release */ = {
			isa = XCBuildConfiguration;
			buildSettings = {
				ALWAYS_SEARCH_USER_PATHS = NO;
				ASSETCATALOG_COMPILER_GENERATE_SWIFT_ASSET_SYMBOL_EXTENSIONS = YES;
				CLANG_ANALYZER_NONNULL = YES;
				CLANG_ANALYZER_NUMBER_OBJECT_CONVERSION = YES_AGGRESSIVE;
				CLANG_CXX_LANGUAGE_STANDARD = "gnu++20";
				CLANG_ENABLE_MODULES = YES;
				CLANG_ENABLE_OBJC_ARC = YES;
				CLANG_ENABLE_OBJC_WEAK = YES;
				CLANG_WARN_BLOCK_CAPTURE_AUTORELEASING = YES;
				CLANG_WARN_BOOL_CONVERSION = YES;
				CLANG_WARN_COMMA = YES;
				CLANG_WARN_CONSTANT_CONVERSION = YES;
				CLANG_WARN_DEPRECATED_OBJC_IMPLEMENTATIONS = YES;
				CLANG_WARN_DIRECT_OBJC_ISA_USAGE = YES_ERROR;
				CLANG_WARN_DOCUMENTATION_COMMENTS = YES;
				CLANG_WARN_EMPTY_BODY = YES;
				CLANG_WARN_ENUM_CONVERSION = YES;
				CLANG_WARN_INFINITE_RECURSION = YES;
				CLANG_WARN_INT_CONVERSION = YES;
				CLANG_WARN_NON_LITERAL_NULL_CONVERSION = YES;
				CLANG_WARN_OBJC_IMPLICIT_RETAIN_SELF = YES;
				CLANG_WARN_OBJC_LITERAL_CONVERSION = YES;
				CLANG_WARN_OBJC_ROOT_CLASS = YES_ERROR;
				CLANG_WARN_QUOTED_INCLUDE_IN_FRAMEWORK_HEADER = YES;
				CLANG_WARN_RANGE_LOOP_ANALYSIS = YES;
				CLANG_WARN_STRICT_PROTOTYPES = YES;
				CLANG_WARN_SUSPICIOUS_MOVE = YES;
				CLANG_WARN_UNGUARDED_AVAILABILITY = YES_AGGRESSIVE;
				CLANG_WARN_UNREACHABLE_CODE = YES;
				CLANG_WARN__DUPLICATE_METHOD_MATCH = YES;
				COPY_PHASE_STRIP = NO;
				DEBUG_INFORMATION_FORMAT = "dwarf-with-dsym";
				ENABLE_NS_ASSERTIONS = NO;
				ENABLE_STRICT_OBJC_MSGSEND = YES;
				ENABLE_USER_SCRIPT_SANDBOXING = YES;
				GCC_C_LANGUAGE_STANDARD = gnu17;
				GCC_NO_COMMON_BLOCKS = YES;
				GCC_WARN_64_TO_32_BIT_CONVERSION = YES;
				GCC_WARN_ABOUT_RETURN_TYPE = YES_ERROR;
				GCC_WARN_UNDECLARED_SELECTOR = YES;
				GCC_WARN_UNINITIALIZED_AUTOS = YES_AGGRESSIVE;
				GCC_WARN_UNUSED_FUNCTION = YES;
				GCC_WARN_UNUSED_VARIABLE = YES;
				IPHONEOS_DEPLOYMENT_TARGET = 17.4;
				LOCALIZATION_PREFERS_STRING_CATALOGS = YES;
				MTL_ENABLE_DEBUG_INFO = NO;
				MTL_FAST_MATH = YES;
				SDKROOT = iphoneos;
				SWIFT_COMPILATION_MODE = wholemodule;
				VALIDATE_PRODUCT = YES;
			};
			name = Release;
		};
		5AA523542C43F79B007736D0 /* Debug */ = {
			isa = XCBuildConfiguration;
			buildSettings = {
				ASSETCATALOG_COMPILER_APPICON_NAME = AppIcon;
				ASSETCATALOG_COMPILER_GLOBAL_ACCENT_COLOR_NAME = AccentColor;
				CODE_SIGN_STYLE = Automatic;
				CURRENT_PROJECT_VERSION = 1;
				DEVELOPMENT_ASSET_PATHS = "\"Appetizers/Preview Content\"";
				DEVELOPMENT_TEAM = YRM49GUKC6;
				ENABLE_PREVIEWS = YES;
				GENERATE_INFOPLIST_FILE = YES;
				INFOPLIST_KEY_UIApplicationSceneManifest_Generation = YES;
				INFOPLIST_KEY_UIApplicationSupportsIndirectInputEvents = YES;
				INFOPLIST_KEY_UILaunchScreen_Generation = YES;
				INFOPLIST_KEY_UISupportedInterfaceOrientations_iPad = "UIInterfaceOrientationPortrait UIInterfaceOrientationPortraitUpsideDown UIInterfaceOrientationLandscapeLeft UIInterfaceOrientationLandscapeRight";
				INFOPLIST_KEY_UISupportedInterfaceOrientations_iPhone = "UIInterfaceOrientationPortrait UIInterfaceOrientationLandscapeLeft UIInterfaceOrientationLandscapeRight";
				LD_RUNPATH_SEARCH_PATHS = (
					"$(inherited)",
					"@executable_path/Frameworks",
				);
				MARKETING_VERSION = 1.0;
				PRODUCT_BUNDLE_IDENTIFIER = com.Appetizers;
				PRODUCT_NAME = "$(TARGET_NAME)";
				SWIFT_EMIT_LOC_STRINGS = YES;
				SWIFT_VERSION = 5.0;
				TARGETED_DEVICE_FAMILY = "1,2";
			};
			name = Debug;
		};
		5AA523552C43F79B007736D0 /* Release */ = {
			isa = XCBuildConfiguration;
			buildSettings = {
				ASSETCATALOG_COMPILER_APPICON_NAME = AppIcon;
				ASSETCATALOG_COMPILER_GLOBAL_ACCENT_COLOR_NAME = AccentColor;
				CODE_SIGN_STYLE = Automatic;
				CURRENT_PROJECT_VERSION = 1;
				DEVELOPMENT_ASSET_PATHS = "\"Appetizers/Preview Content\"";
				DEVELOPMENT_TEAM = YRM49GUKC6;
				ENABLE_PREVIEWS = YES;
				GENERATE_INFOPLIST_FILE = YES;
				INFOPLIST_KEY_UIApplicationSceneManifest_Generation = YES;
				INFOPLIST_KEY_UIApplicationSupportsIndirectInputEvents = YES;
				INFOPLIST_KEY_UILaunchScreen_Generation = YES;
				INFOPLIST_KEY_UISupportedInterfaceOrientations_iPad = "UIInterfaceOrientationPortrait UIInterfaceOrientationPortraitUpsideDown UIInterfaceOrientationLandscapeLeft UIInterfaceOrientationLandscapeRight";
				INFOPLIST_KEY_UISupportedInterfaceOrientations_iPhone = "UIInterfaceOrientationPortrait UIInterfaceOrientationLandscapeLeft UIInterfaceOrientationLandscapeRight";
				LD_RUNPATH_SEARCH_PATHS = (
					"$(inherited)",
					"@executable_path/Frameworks",
				);
				MARKETING_VERSION = 1.0;
				PRODUCT_BUNDLE_IDENTIFIER = com.Appetizers;
				PRODUCT_NAME = "$(TARGET_NAME)";
				SWIFT_EMIT_LOC_STRINGS = YES;
				SWIFT_VERSION = 5.0;
				TARGETED_DEVICE_FAMILY = "1,2";
			};
			name = Release;
		};
		5AA523572C43F79B007736D0 /* Debug */ = {
			isa = XCBuildConfiguration;
			buildSettings = {
				ALWAYS_EMBED_SWIFT_STANDARD_LIBRARIES = YES;
				BUNDLE_LOADER = "$(TEST_HOST)";
				CODE_SIGN_STYLE = Automatic;
				CURRENT_PROJECT_VERSION = 1;
				DEVELOPMENT_TEAM = YRM49GUKC6;
				GENERATE_INFOPLIST_FILE = YES;
				IPHONEOS_DEPLOYMENT_TARGET = 17.4;
				MARKETING_VERSION = 1.0;
				PRODUCT_BUNDLE_IDENTIFIER = com.AppetizersTests;
				PRODUCT_NAME = "$(TARGET_NAME)";
				SWIFT_EMIT_LOC_STRINGS = NO;
				SWIFT_VERSION = 5.0;
				TARGETED_DEVICE_FAMILY = "1,2";
				TEST_HOST = "$(BUILT_PRODUCTS_DIR)/Appetizers.app/$(BUNDLE_EXECUTABLE_FOLDER_PATH)/Appetizers";
			};
			name = Debug;
		};
		5AA523582C43F79B007736D0 /* Release */ = {
			isa = XCBuildConfiguration;
			buildSettings = {
				ALWAYS_EMBED_SWIFT_STANDARD_LIBRARIES = YES;
				BUNDLE_LOADER = "$(TEST_HOST)";
				CODE_SIGN_STYLE = Automatic;
				CURRENT_PROJECT_VERSION = 1;
				DEVELOPMENT_TEAM = YRM49GUKC6;
				GENERATE_INFOPLIST_FILE = YES;
				IPHONEOS_DEPLOYMENT_TARGET = 17.4;
				MARKETING_VERSION = 1.0;
				PRODUCT_BUNDLE_IDENTIFIER = com.AppetizersTests;
				PRODUCT_NAME = "$(TARGET_NAME)";
				SWIFT_EMIT_LOC_STRINGS = NO;
				SWIFT_VERSION = 5.0;
				TARGETED_DEVICE_FAMILY = "1,2";
				TEST_HOST = "$(BUILT_PRODUCTS_DIR)/Appetizers.app/$(BUNDLE_EXECUTABLE_FOLDER_PATH)/Appetizers";
			};
			name = Release;
		};
		5AA5235A2C43F79B007736D0 /* Debug */ = {
			isa = XCBuildConfiguration;
			buildSettings = {
				ALWAYS_EMBED_SWIFT_STANDARD_LIBRARIES = YES;
				CODE_SIGN_STYLE = Automatic;
				CURRENT_PROJECT_VERSION = 1;
				DEVELOPMENT_TEAM = YRM49GUKC6;
				GENERATE_INFOPLIST_FILE = YES;
				MARKETING_VERSION = 1.0;
				PRODUCT_BUNDLE_IDENTIFIER = com.AppetizersUITests;
				PRODUCT_NAME = "$(TARGET_NAME)";
				SWIFT_EMIT_LOC_STRINGS = NO;
				SWIFT_VERSION = 5.0;
				TARGETED_DEVICE_FAMILY = "1,2";
				TEST_TARGET_NAME = Appetizers;
			};
			name = Debug;
		};
		5AA5235B2C43F79B007736D0 /* Release */ = {
			isa = XCBuildConfiguration;
			buildSettings = {
				ALWAYS_EMBED_SWIFT_STANDARD_LIBRARIES = YES;
				CODE_SIGN_STYLE = Automatic;
				CURRENT_PROJECT_VERSION = 1;
				DEVELOPMENT_TEAM = YRM49GUKC6;
				GENERATE_INFOPLIST_FILE = YES;
				MARKETING_VERSION = 1.0;
				PRODUCT_BUNDLE_IDENTIFIER = com.AppetizersUITests;
				PRODUCT_NAME = "$(TARGET_NAME)";
				SWIFT_EMIT_LOC_STRINGS = NO;
				SWIFT_VERSION = 5.0;
				TARGETED_DEVICE_FAMILY = "1,2";
				TEST_TARGET_NAME = Appetizers;
			};
			name = Release;
		};
/* End XCBuildConfiguration section */

/* Begin XCConfigurationList section */
		5AA5232A2C43F79A007736D0 /* Build configuration list for PBXProject "Appetizers" */ = {
			isa = XCConfigurationList;
			buildConfigurations = (
				5AA523512C43F79B007736D0 /* Debug */,
				5AA523522C43F79B007736D0 /* Release */,
			);
			defaultConfigurationIsVisible = 0;
			defaultConfigurationName = Release;
		};
		5AA523532C43F79B007736D0 /* Build configuration list for PBXNativeTarget "Appetizers" */ = {
			isa = XCConfigurationList;
			buildConfigurations = (
				5AA523542C43F79B007736D0 /* Debug */,
				5AA523552C43F79B007736D0 /* Release */,
			);
			defaultConfigurationIsVisible = 0;
			defaultConfigurationName = Release;
		};
		5AA523562C43F79B007736D0 /* Build configuration list for PBXNativeTarget "AppetizersTests" */ = {
			isa = XCConfigurationList;
			buildConfigurations = (
				5AA523572C43F79B007736D0 /* Debug */,
				5AA523582C43F79B007736D0 /* Release */,
			);
			defaultConfigurationIsVisible = 0;
			defaultConfigurationName = Release;
		};
		5AA523592C43F79B007736D0 /* Build configuration list for PBXNativeTarget "AppetizersUITests" */ = {
			isa = XCConfigurationList;
			buildConfigurations = (
				5AA5235A2C43F79B007736D0 /* Debug */,
				5AA5235B2C43F79B007736D0 /* Release */,
			);
			defaultConfigurationIsVisible = 0;
			defaultConfigurationName = Release;
		};
/* End XCConfigurationList section */
	};
	rootObject = 5AA523272C43F79A007736D0 /* Project object */;
}
